
Microsoft Visual Studio Solution File, Format Version 12.00
Project("{FAE04EC0-301F-11D3-BF4B-00C04F79EFBC}") = "Dengine", "Dengine\Dengine.csproj", "{4C993D91-23CC-4B89-A4EE-300623FFE261}"
EndProject
Project("{FAE04EC0-301F-11D3-BF4B-00C04F79EFBC}") = "GPUInstancingDemo", "GPUInstancingDemo\GPUInstancingDemo.csproj", "{78B27CD7-B888-45BB-98A6-8E659EDF506E}"
EndProject
Project("{FAE04EC0-301F-11D3-BF4B-00C04F79EFBC}") = "ParticleSystemDemo", "ParticleSystemDemo\ParticleSystemDemo.csproj", "{DB815168-5714-49BA-9F1F-06D841AF9112}"
EndProject
Project("{FAE04EC0-301F-11D3-BF4B-00C04F79EFBC}") = "LODGroupDemo", "LODGroupDemo\LODGroupDemo.csproj", "{B094C5C2-0876-4E0E-84D7-D0932223962B}"
EndProject
Project("{FAE04EC0-301F-11D3-BF4B-00C04F79EFBC}") = "StaticBatchingDemo", "StaticBatchingDemo\StaticBatchingDemo.csproj", "{D0D72E9F-D380-45E3-9003-BF667280EE49}"
EndProject
Global
	GlobalSection(SolutionConfigurationPlatforms) = preSolution
		Debug|Any CPU = Debug|Any CPU
		Release|Any CPU = Release|Any CPU
	EndGlobalSection
	GlobalSection(ProjectConfigurationPlatforms) = postSolution
		{4C993D91-23CC-4B89-A4EE-300623FFE261}.Debug|Any CPU.ActiveCfg = Debug|Any CPU
		{4C993D91-23CC-4B89-A4EE-300623FFE261}.Debug|Any CPU.Build.0 = Debug|Any CPU
		{4C993D91-23CC-4B89-A4EE-300623FFE261}.Release|Any CPU.ActiveCfg = Release|Any CPU
		{4C993D91-23CC-4B89-A4EE-300623FFE261}.Release|Any CPU.Build.0 = Release|Any CPU
		{78B27CD7-B888-45BB-98A6-8E659EDF506E}.Debug|Any CPU.ActiveCfg = Debug|Any CPU
		{78B27CD7-B888-45BB-98A6-8E659EDF506E}.Debug|Any CPU.Build.0 = Debug|Any CPU
		{78B27CD7-B888-45BB-98A6-8E659EDF506E}.Release|Any CPU.ActiveCfg = Release|Any CPU
		{78B27CD7-B888-45BB-98A6-8E659EDF506E}.Release|Any CPU.Build.0 = Release|Any CPU
		{DB815168-5714-49BA-9F1F-06D841AF9112}.Debug|Any CPU.ActiveCfg = Debug|Any CPU
		{DB815168-5714-49BA-9F1F-06D841AF9112}.Debug|Any CPU.Build.0 = Debug|Any CPU
		{DB815168-5714-49BA-9F1F-06D841AF9112}.Release|Any CPU.ActiveCfg = Release|Any CPU
		{DB815168-5714-49BA-9F1F-06D841AF9112}.Release|Any CPU.Build.0 = Release|Any CPU
		{B094C5C2-0876-4E0E-84D7-D0932223962B}.Debug|Any CPU.ActiveCfg = Debug|Any CPU
		{B094C5C2-0876-4E0E-84D7-D0932223962B}.Debug|Any CPU.Build.0 = Debug|Any CPU
		{B094C5C2-0876-4E0E-84D7-D0932223962B}.Release|Any CPU.ActiveCfg = Release|Any CPU
		{B094C5C2-0876-4E0E-84D7-D0932223962B}.Release|Any CPU.Build.0 = Release|Any CPU
		{D0D72E9F-D380-45E3-9003-BF667280EE49}.Debug|Any CPU.ActiveCfg = Debug|Any CPU
		{D0D72E9F-D380-45E3-9003-BF667280EE49}.Debug|Any CPU.Build.0 = Debug|Any CPU
		{D0D72E9F-D380-45E3-9003-BF667280EE49}.Release|Any CPU.ActiveCfg = Release|Any CPU
		{D0D72E9F-D380-45E3-9003-BF667280EE49}.Release|Any CPU.Build.0 = Release|Any CPU
	EndGlobalSection
EndGlobal
