
Microsoft Visual Studio Solution File, Format Version 12.00
Project("{FAE04EC0-301F-11D3-BF4B-00C04F79EFBC}") = "GameEngine", "GameEngine\GameEngine.csproj", "{4C993D91-23CC-4B89-A4EE-300623FFE261}"
EndProject
Project("{FAE04EC0-301F-11D3-BF4B-00C04F79EFBC}") = "ImGui.NET", "ImGui\ImGui.NET\ImGui.NET.csproj", "{8DE36D35-A0EB-4EC5-A8E6-25447D5989DE}"
EndProject
Project("{FAE04EC0-301F-11D3-BF4B-00C04F79EFBC}") = "ImGuizmo.NET", "ImGui\ImGuizmo.NET\ImGuizmo.NET.csproj", "{F4208070-35AC-478F-945A-29A21F0BD8BE}"
EndProject
Global
	GlobalSection(SolutionConfigurationPlatforms) = preSolution
		Debug|Any CPU = Debug|Any CPU
		Release|Any CPU = Release|Any CPU
	EndGlobalSection
	GlobalSection(ProjectConfigurationPlatforms) = postSolution
		{4C993D91-23CC-4B89-A4EE-300623FFE261}.Debug|Any CPU.ActiveCfg = Debug|Any CPU
		{4C993D91-23CC-4B89-A4EE-300623FFE261}.Debug|Any CPU.Build.0 = Debug|Any CPU
		{4C993D91-23CC-4B89-A4EE-300623FFE261}.Release|Any CPU.ActiveCfg = Release|Any CPU
		{4C993D91-23CC-4B89-A4EE-300623FFE261}.Release|Any CPU.Build.0 = Release|Any CPU
		{8DE36D35-A0EB-4EC5-A8E6-25447D5989DE}.Debug|Any CPU.ActiveCfg = Debug|x64
		{8DE36D35-A0EB-4EC5-A8E6-25447D5989DE}.Debug|Any CPU.Build.0 = Debug|x64
		{8DE36D35-A0EB-4EC5-A8E6-25447D5989DE}.Release|Any CPU.ActiveCfg = Release|x64
		{8DE36D35-A0EB-4EC5-A8E6-25447D5989DE}.Release|Any CPU.Build.0 = Release|x64
		{F4208070-35AC-478F-945A-29A21F0BD8BE}.Debug|Any CPU.ActiveCfg = Debug|x64
		{F4208070-35AC-478F-945A-29A21F0BD8BE}.Debug|Any CPU.Build.0 = Debug|x64
		{F4208070-35AC-478F-945A-29A21F0BD8BE}.Release|Any CPU.ActiveCfg = Release|x64
		{F4208070-35AC-478F-945A-29A21F0BD8BE}.Release|Any CPU.Build.0 = Release|x64
	EndGlobalSection
EndGlobal
